
Microsoft Visual Studio Solution File, Format Version 12.00
# Visual Studio Version 16
VisualStudioVersion = 16.0.31112.23
MinimumVisualStudioVersion = 10.0.40219.1
Project("{FAE04EC0-301F-11D3-BF4B-00C04F79EFBC}") = "Swap Two Numbers", "Swap Two Numbers\Swap Two Numbers.csproj", "{A4671A7C-0F0B-4373-9EAA-82A6967E155B}"
EndProject
Global
	GlobalSection(SolutionConfigurationPlatforms) = preSolution
		Debug|Any CPU = Debug|Any CPU
		Release|Any CPU = Release|Any CPU
	EndGlobalSection
	GlobalSection(ProjectConfigurationPlatforms) = postSolution
		{A4671A7C-0F0B-4373-9EAA-82A6967E155B}.Debug|Any CPU.ActiveCfg = Debug|Any CPU
		{A4671A7C-0F0B-4373-9EAA-82A6967E155B}.Debug|Any CPU.Build.0 = Debug|Any CPU
		{A4671A7C-0F0B-4373-9EAA-82A6967E155B}.Release|Any CPU.ActiveCfg = Release|Any CPU
		{A4671A7C-0F0B-4373-9EAA-82A6967E155B}.Release|Any CPU.Build.0 = Release|Any CPU
	EndGlobalSection
	GlobalSection(SolutionProperties) = preSolution
		HideSolutionNode = FALSE
	EndGlobalSection
	GlobalSection(ExtensibilityGlobals) = postSolution
		SolutionGuid = {C3DFF84F-3EBB-401B-92FB-B8338A9453DC}
	EndGlobalSection
EndGlobal
